
Microsoft Visual Studio Solution File, Format Version 12.00
# Visual Studio Version 17
VisualStudioVersion = 17.10.35013.160
MinimumVisualStudioVersion = 10.0.40219.1
Project("{9A19103F-16F7-4668-BE54-9A1E7A4F7556}") = "CountPriceConsole", "CountPriceConsole\CountPriceConsole.csproj", "{45571A73-42C7-4922-8643-868BD6C9B822}"
EndProject
Project("{FAE04EC0-301F-11D3-BF4B-00C04F79EFBC}") = "CountPriceLibrary", "CountPriceLibrary\CountPriceLibrary.csproj", "{46C102C7-4478-46D7-AAEF-E679DBA86DE9}"
EndProject
Global
	GlobalSection(SolutionConfigurationPlatforms) = preSolution
		Debug|Any CPU = Debug|Any CPU
		Release|Any CPU = Release|Any CPU
	EndGlobalSection
	GlobalSection(ProjectConfigurationPlatforms) = postSolution
		{45571A73-42C7-4922-8643-868BD6C9B822}.Debug|Any CPU.ActiveCfg = Debug|Any CPU
		{45571A73-42C7-4922-8643-868BD6C9B822}.Debug|Any CPU.Build.0 = Debug|Any CPU
		{45571A73-42C7-4922-8643-868BD6C9B822}.Release|Any CPU.ActiveCfg = Release|Any CPU
		{45571A73-42C7-4922-8643-868BD6C9B822}.Release|Any CPU.Build.0 = Release|Any CPU
		{46C102C7-4478-46D7-AAEF-E679DBA86DE9}.Debug|Any CPU.ActiveCfg = Debug|Any CPU
		{46C102C7-4478-46D7-AAEF-E679DBA86DE9}.Debug|Any CPU.Build.0 = Debug|Any CPU
		{46C102C7-4478-46D7-AAEF-E679DBA86DE9}.Release|Any CPU.ActiveCfg = Release|Any CPU
		{46C102C7-4478-46D7-AAEF-E679DBA86DE9}.Release|Any CPU.Build.0 = Release|Any CPU
	EndGlobalSection
	GlobalSection(SolutionProperties) = preSolution
		HideSolutionNode = FALSE
	EndGlobalSection
	GlobalSection(ExtensibilityGlobals) = postSolution
		SolutionGuid = {9C2A3E77-146D-4EC3-AB6E-2FABE78A71AC}
	EndGlobalSection
EndGlobal
